
Microsoft Visual Studio Solution File, Format Version 12.00
# Visual Studio Version 17
VisualStudioVersion = 17.0.31903.59
MinimumVisualStudioVersion = 10.0.40219.1
Project("{2150E333-8FDC-42A3-9474-1A3956D46DE8}") = "src", "src", "{827E0CD3-B72D-47B6-A68D-7590B98EB39B}"
EndProject
Project("{FAE04EC0-301F-11D3-BF4B-00C04F79EFBC}") = "WMS.Domain", "src\WMS.Domain\WMS.Domain.csproj", "{06DD1E73-33A2-4AA0-8DD7-5B22E64C18A9}"
EndProject
Project("{FAE04EC0-301F-11D3-BF4B-00C04F79EFBC}") = "WMS.Common", "src\WMS.Common\WMS.Common.csproj", "{B178436C-E357-4D4E-934D-6ABCC3E5C23F}"
EndProject
Project("{FAE04EC0-301F-11D3-BF4B-00C04F79EFBC}") = "WMS.DAL", "src\WMS.DAL\WMS.DAL.csproj", "{08CAD430-1B3C-4C25-ADBF-C1C481DC234D}"
EndProject
Project("{FAE04EC0-301F-11D3-BF4B-00C04F79EFBC}") = "WMS.BLL", "src\WMS.BLL\WMS.BLL.csproj", "{3D895F5D-6FD1-4571-8949-298D9B6128AC}"
EndProject
Project("{FAE04EC0-301F-11D3-BF4B-00C04F79EFBC}") = "WMS.Jobs", "src\WMS.Jobs\WMS.Jobs.csproj", "{640588B7-AAE3-4279-8FEE-401BBB2E7E2F}"
EndProject
Project("{FAE04EC0-301F-11D3-BF4B-00C04F79EFBC}") = "WMS.Plugins", "src\WMS.Plugins\WMS.Plugins.csproj", "{276DAB78-5B12-474D-A127-842CB207213E}"
EndProject
Project("{FAE04EC0-301F-11D3-BF4B-00C04F79EFBC}") = "WMS.Web", "src\WMS.Web\WMS.Web.csproj", "{550FB8C4-A8E2-4F91-A6F6-39666937FC98}"
EndProject
Project("{FAE04EC0-301F-11D3-BF4B-00C04F79EFBC}") = "WMS.Migrate", "tools\WMS.Migrate\WMS.Migrate.csproj", "{3CCDE094-4A36-4A22-9724-5E30BDE05DA7}"
EndProject
Project("{FAE04EC0-301F-11D3-BF4B-00C04F79EFBC}") = "WMS.UnitTests", "tests\WMS.UnitTests\WMS.UnitTests.csproj", "{93929851-512F-4AE9-AD19-01D14085F84C}"
EndProject
Project("{FAE04EC0-301F-11D3-BF4B-00C04F79EFBC}") = "WMS.IntegrationTests", "tests\WMS.IntegrationTests\WMS.IntegrationTests.csproj", "{D387A116-9B0F-4476-8FC2-5424F1583C38}"
EndProject
Global
	GlobalSection(SolutionConfigurationPlatforms) = preSolution
		Debug|Any CPU = Debug|Any CPU
		Debug|x64 = Debug|x64
		Debug|x86 = Debug|x86
		Release|Any CPU = Release|Any CPU
		Release|x64 = Release|x64
		Release|x86 = Release|x86
	EndGlobalSection
	GlobalSection(ProjectConfigurationPlatforms) = postSolution
		{06DD1E73-33A2-4AA0-8DD7-5B22E64C18A9}.Debug|Any CPU.ActiveCfg = Debug|Any CPU
		{06DD1E73-33A2-4AA0-8DD7-5B22E64C18A9}.Debug|Any CPU.Build.0 = Debug|Any CPU
		{06DD1E73-33A2-4AA0-8DD7-5B22E64C18A9}.Debug|x64.ActiveCfg = Debug|Any CPU
		{06DD1E73-33A2-4AA0-8DD7-5B22E64C18A9}.Debug|x64.Build.0 = Debug|Any CPU
		{06DD1E73-33A2-4AA0-8DD7-5B22E64C18A9}.Debug|x86.ActiveCfg = Debug|Any CPU
		{06DD1E73-33A2-4AA0-8DD7-5B22E64C18A9}.Debug|x86.Build.0 = Debug|Any CPU
		{06DD1E73-33A2-4AA0-8DD7-5B22E64C18A9}.Release|Any CPU.ActiveCfg = Release|Any CPU
		{06DD1E73-33A2-4AA0-8DD7-5B22E64C18A9}.Release|Any CPU.Build.0 = Release|Any CPU
		{06DD1E73-33A2-4AA0-8DD7-5B22E64C18A9}.Release|x64.ActiveCfg = Release|Any CPU
		{06DD1E73-33A2-4AA0-8DD7-5B22E64C18A9}.Release|x64.Build.0 = Release|Any CPU
		{06DD1E73-33A2-4AA0-8DD7-5B22E64C18A9}.Release|x86.ActiveCfg = Release|Any CPU
		{06DD1E73-33A2-4AA0-8DD7-5B22E64C18A9}.Release|x86.Build.0 = Release|Any CPU
		{B178436C-E357-4D4E-934D-6ABCC3E5C23F}.Debug|Any CPU.ActiveCfg = Debug|Any CPU
		{B178436C-E357-4D4E-934D-6ABCC3E5C23F}.Debug|Any CPU.Build.0 = Debug|Any CPU
		{B178436C-E357-4D4E-934D-6ABCC3E5C23F}.Debug|x64.ActiveCfg = Debug|Any CPU
		{B178436C-E357-4D4E-934D-6ABCC3E5C23F}.Debug|x64.Build.0 = Debug|Any CPU
		{B178436C-E357-4D4E-934D-6ABCC3E5C23F}.Debug|x86.ActiveCfg = Debug|Any CPU
		{B178436C-E357-4D4E-934D-6ABCC3E5C23F}.Debug|x86.Build.0 = Debug|Any CPU
		{B178436C-E357-4D4E-934D-6ABCC3E5C23F}.Release|Any CPU.ActiveCfg = Release|Any CPU
		{B178436C-E357-4D4E-934D-6ABCC3E5C23F}.Release|Any CPU.Build.0 = Release|Any CPU
		{B178436C-E357-4D4E-934D-6ABCC3E5C23F}.Release|x64.ActiveCfg = Release|Any CPU
		{B178436C-E357-4D4E-934D-6ABCC3E5C23F}.Release|x64.Build.0 = Release|Any CPU
		{B178436C-E357-4D4E-934D-6ABCC3E5C23F}.Release|x86.ActiveCfg = Release|Any CPU
		{B178436C-E357-4D4E-934D-6ABCC3E5C23F}.Release|x86.Build.0 = Release|Any CPU
		{08CAD430-1B3C-4C25-ADBF-C1C481DC234D}.Debug|Any CPU.ActiveCfg = Debug|Any CPU
		{08CAD430-1B3C-4C25-ADBF-C1C481DC234D}.Debug|Any CPU.Build.0 = Debug|Any CPU
		{08CAD430-1B3C-4C25-ADBF-C1C481DC234D}.Debug|x64.ActiveCfg = Debug|Any CPU
		{08CAD430-1B3C-4C25-ADBF-C1C481DC234D}.Debug|x64.Build.0 = Debug|Any CPU
		{08CAD430-1B3C-4C25-ADBF-C1C481DC234D}.Debug|x86.ActiveCfg = Debug|Any CPU
		{08CAD430-1B3C-4C25-ADBF-C1C481DC234D}.Debug|x86.Build.0 = Debug|Any CPU
		{08CAD430-1B3C-4C25-ADBF-C1C481DC234D}.Release|Any CPU.ActiveCfg = Release|Any CPU
		{08CAD430-1B3C-4C25-ADBF-C1C481DC234D}.Release|Any CPU.Build.0 = Release|Any CPU
		{08CAD430-1B3C-4C25-ADBF-C1C481DC234D}.Release|x64.ActiveCfg = Release|Any CPU
		{08CAD430-1B3C-4C25-ADBF-C1C481DC234D}.Release|x64.Build.0 = Release|Any CPU
		{08CAD430-1B3C-4C25-ADBF-C1C481DC234D}.Release|x86.ActiveCfg = Release|Any CPU
		{08CAD430-1B3C-4C25-ADBF-C1C481DC234D}.Release|x86.Build.0 = Release|Any CPU
		{3D895F5D-6FD1-4571-8949-298D9B6128AC}.Debug|Any CPU.ActiveCfg = Debug|Any CPU
		{3D895F5D-6FD1-4571-8949-298D9B6128AC}.Debug|Any CPU.Build.0 = Debug|Any CPU
		{3D895F5D-6FD1-4571-8949-298D9B6128AC}.Debug|x64.ActiveCfg = Debug|Any CPU
		{3D895F5D-6FD1-4571-8949-298D9B6128AC}.Debug|x64.Build.0 = Debug|Any CPU
		{3D895F5D-6FD1-4571-8949-298D9B6128AC}.Debug|x86.ActiveCfg = Debug|Any CPU
		{3D895F5D-6FD1-4571-8949-298D9B6128AC}.Debug|x86.Build.0 = Debug|Any CPU
		{3D895F5D-6FD1-4571-8949-298D9B6128AC}.Release|Any CPU.ActiveCfg = Release|Any CPU
		{3D895F5D-6FD1-4571-8949-298D9B6128AC}.Release|Any CPU.Build.0 = Release|Any CPU
		{3D895F5D-6FD1-4571-8949-298D9B6128AC}.Release|x64.ActiveCfg = Release|Any CPU
		{3D895F5D-6FD1-4571-8949-298D9B6128AC}.Release|x64.Build.0 = Release|Any CPU
		{3D895F5D-6FD1-4571-8949-298D9B6128AC}.Release|x86.ActiveCfg = Release|Any CPU
		{3D895F5D-6FD1-4571-8949-298D9B6128AC}.Release|x86.Build.0 = Release|Any CPU
		{640588B7-AAE3-4279-8FEE-401BBB2E7E2F}.Debug|Any CPU.ActiveCfg = Debug|Any CPU
		{640588B7-AAE3-4279-8FEE-401BBB2E7E2F}.Debug|Any CPU.Build.0 = Debug|Any CPU
		{640588B7-AAE3-4279-8FEE-401BBB2E7E2F}.Debug|x64.ActiveCfg = Debug|Any CPU
		{640588B7-AAE3-4279-8FEE-401BBB2E7E2F}.Debug|x64.Build.0 = Debug|Any CPU
		{640588B7-AAE3-4279-8FEE-401BBB2E7E2F}.Debug|x86.ActiveCfg = Debug|Any CPU
		{640588B7-AAE3-4279-8FEE-401BBB2E7E2F}.Debug|x86.Build.0 = Debug|Any CPU
		{640588B7-AAE3-4279-8FEE-401BBB2E7E2F}.Release|Any CPU.ActiveCfg = Release|Any CPU
		{640588B7-AAE3-4279-8FEE-401BBB2E7E2F}.Release|Any CPU.Build.0 = Release|Any CPU
		{640588B7-AAE3-4279-8FEE-401BBB2E7E2F}.Release|x64.ActiveCfg = Release|Any CPU
		{640588B7-AAE3-4279-8FEE-401BBB2E7E2F}.Release|x64.Build.0 = Release|Any CPU
		{640588B7-AAE3-4279-8FEE-401BBB2E7E2F}.Release|x86.ActiveCfg = Release|Any CPU
		{640588B7-AAE3-4279-8FEE-401BBB2E7E2F}.Release|x86.Build.0 = Release|Any CPU
		{276DAB78-5B12-474D-A127-842CB207213E}.Debug|Any CPU.ActiveCfg = Debug|Any CPU
		{276DAB78-5B12-474D-A127-842CB207213E}.Debug|Any CPU.Build.0 = Debug|Any CPU
		{276DAB78-5B12-474D-A127-842CB207213E}.Debug|x64.ActiveCfg = Debug|Any CPU
		{276DAB78-5B12-474D-A127-842CB207213E}.Debug|x64.Build.0 = Debug|Any CPU
		{276DAB78-5B12-474D-A127-842CB207213E}.Debug|x86.ActiveCfg = Debug|Any CPU
		{276DAB78-5B12-474D-A127-842CB207213E}.Debug|x86.Build.0 = Debug|Any CPU
		{276DAB78-5B12-474D-A127-842CB207213E}.Release|Any CPU.ActiveCfg = Release|Any CPU
		{276DAB78-5B12-474D-A127-842CB207213E}.Release|Any CPU.Build.0 = Release|Any CPU
		{276DAB78-5B12-474D-A127-842CB207213E}.Release|x64.ActiveCfg = Release|Any CPU
		{276DAB78-5B12-474D-A127-842CB207213E}.Release|x64.Build.0 = Release|Any CPU
		{276DAB78-5B12-474D-A127-842CB207213E}.Release|x86.ActiveCfg = Release|Any CPU
		{276DAB78-5B12-474D-A127-842CB207213E}.Release|x86.Build.0 = Release|Any CPU
		{550FB8C4-A8E2-4F91-A6F6-39666937FC98}.Debug|Any CPU.ActiveCfg = Debug|Any CPU
		{550FB8C4-A8E2-4F91-A6F6-39666937FC98}.Debug|Any CPU.Build.0 = Debug|Any CPU
		{550FB8C4-A8E2-4F91-A6F6-39666937FC98}.Debug|x64.ActiveCfg = Debug|Any CPU
		{550FB8C4-A8E2-4F91-A6F6-39666937FC98}.Debug|x64.Build.0 = Debug|Any CPU
		{550FB8C4-A8E2-4F91-A6F6-39666937FC98}.Debug|x86.ActiveCfg = Debug|Any CPU
		{550FB8C4-A8E2-4F91-A6F6-39666937FC98}.Debug|x86.Build.0 = Debug|Any CPU
		{550FB8C4-A8E2-4F91-A6F6-39666937FC98}.Release|Any CPU.ActiveCfg = Release|Any CPU
		{550FB8C4-A8E2-4F91-A6F6-39666937FC98}.Release|Any CPU.Build.0 = Release|Any CPU
		{550FB8C4-A8E2-4F91-A6F6-39666937FC98}.Release|x64.ActiveCfg = Release|Any CPU
		{550FB8C4-A8E2-4F91-A6F6-39666937FC98}.Release|x64.Build.0 = Release|Any CPU
		{550FB8C4-A8E2-4F91-A6F6-39666937FC98}.Release|x86.ActiveCfg = Release|Any CPU
		{550FB8C4-A8E2-4F91-A6F6-39666937FC98}.Release|x86.Build.0 = Release|Any CPU
		{3CCDE094-4A36-4A22-9724-5E30BDE05DA7}.Debug|Any CPU.ActiveCfg = Debug|Any CPU
		{3CCDE094-4A36-4A22-9724-5E30BDE05DA7}.Debug|Any CPU.Build.0 = Debug|Any CPU
		{3CCDE094-4A36-4A22-9724-5E30BDE05DA7}.Debug|x64.ActiveCfg = Debug|Any CPU
		{3CCDE094-4A36-4A22-9724-5E30BDE05DA7}.Debug|x64.Build.0 = Debug|Any CPU
		{3CCDE094-4A36-4A22-9724-5E30BDE05DA7}.Debug|x86.ActiveCfg = Debug|Any CPU
		{3CCDE094-4A36-4A22-9724-5E30BDE05DA7}.Debug|x86.Build.0 = Debug|Any CPU
		{3CCDE094-4A36-4A22-9724-5E30BDE05DA7}.Release|Any CPU.ActiveCfg = Release|Any CPU
		{3CCDE094-4A36-4A22-9724-5E30BDE05DA7}.Release|Any CPU.Build.0 = Release|Any CPU
		{3CCDE094-4A36-4A22-9724-5E30BDE05DA7}.Release|x64.ActiveCfg = Release|Any CPU
		{3CCDE094-4A36-4A22-9724-5E30BDE05DA7}.Release|x64.Build.0 = Release|Any CPU
		{3CCDE094-4A36-4A22-9724-5E30BDE05DA7}.Release|x86.ActiveCfg = Release|Any CPU
		{3CCDE094-4A36-4A22-9724-5E30BDE05DA7}.Release|x86.Build.0 = Release|Any CPU
		{93929851-512F-4AE9-AD19-01D14085F84C}.Debug|Any CPU.ActiveCfg = Debug|Any CPU
		{93929851-512F-4AE9-AD19-01D14085F84C}.Debug|Any CPU.Build.0 = Debug|Any CPU
		{93929851-512F-4AE9-AD19-01D14085F84C}.Debug|x64.ActiveCfg = Debug|Any CPU
		{93929851-512F-4AE9-AD19-01D14085F84C}.Debug|x64.Build.0 = Debug|Any CPU
		{93929851-512F-4AE9-AD19-01D14085F84C}.Debug|x86.ActiveCfg = Debug|Any CPU
		{93929851-512F-4AE9-AD19-01D14085F84C}.Debug|x86.Build.0 = Debug|Any CPU
		{93929851-512F-4AE9-AD19-01D14085F84C}.Release|Any CPU.ActiveCfg = Release|Any CPU
		{93929851-512F-4AE9-AD19-01D14085F84C}.Release|Any CPU.Build.0 = Release|Any CPU
		{93929851-512F-4AE9-AD19-01D14085F84C}.Release|x64.ActiveCfg = Release|Any CPU
		{93929851-512F-4AE9-AD19-01D14085F84C}.Release|x64.Build.0 = Release|Any CPU
		{93929851-512F-4AE9-AD19-01D14085F84C}.Release|x86.ActiveCfg = Release|Any CPU
		{93929851-512F-4AE9-AD19-01D14085F84C}.Release|x86.Build.0 = Release|Any CPU
		{D387A116-9B0F-4476-8FC2-5424F1583C38}.Debug|Any CPU.ActiveCfg = Debug|Any CPU
		{D387A116-9B0F-4476-8FC2-5424F1583C38}.Debug|Any CPU.Build.0 = Debug|Any CPU
		{D387A116-9B0F-4476-8FC2-5424F1583C38}.Debug|x64.ActiveCfg = Debug|Any CPU
		{D387A116-9B0F-4476-8FC2-5424F1583C38}.Debug|x64.Build.0 = Debug|Any CPU
		{D387A116-9B0F-4476-8FC2-5424F1583C38}.Debug|x86.ActiveCfg = Debug|Any CPU
		{D387A116-9B0F-4476-8FC2-5424F1583C38}.Debug|x86.Build.0 = Debug|Any CPU
		{D387A116-9B0F-4476-8FC2-5424F1583C38}.Release|Any CPU.ActiveCfg = Release|Any CPU
		{D387A116-9B0F-4476-8FC2-5424F1583C38}.Release|Any CPU.Build.0 = Release|Any CPU
		{D387A116-9B0F-4476-8FC2-5424F1583C38}.Release|x64.ActiveCfg = Release|Any CPU
		{D387A116-9B0F-4476-8FC2-5424F1583C38}.Release|x64.Build.0 = Release|Any CPU
		{D387A116-9B0F-4476-8FC2-5424F1583C38}.Release|x86.ActiveCfg = Release|Any CPU
		{D387A116-9B0F-4476-8FC2-5424F1583C38}.Release|x86.Build.0 = Release|Any CPU
	EndGlobalSection
	GlobalSection(SolutionProperties) = preSolution
		HideSolutionNode = FALSE
	EndGlobalSection
	GlobalSection(NestedProjects) = preSolution
		{06DD1E73-33A2-4AA0-8DD7-5B22E64C18A9} = {827E0CD3-B72D-47B6-A68D-7590B98EB39B}
		{B178436C-E357-4D4E-934D-6ABCC3E5C23F} = {827E0CD3-B72D-47B6-A68D-7590B98EB39B}
		{08CAD430-1B3C-4C25-ADBF-C1C481DC234D} = {827E0CD3-B72D-47B6-A68D-7590B98EB39B}
		{3D895F5D-6FD1-4571-8949-298D9B6128AC} = {827E0CD3-B72D-47B6-A68D-7590B98EB39B}
		{640588B7-AAE3-4279-8FEE-401BBB2E7E2F} = {827E0CD3-B72D-47B6-A68D-7590B98EB39B}
		{276DAB78-5B12-474D-A127-842CB207213E} = {827E0CD3-B72D-47B6-A68D-7590B98EB39B}
		{550FB8C4-A8E2-4F91-A6F6-39666937FC98} = {827E0CD3-B72D-47B6-A68D-7590B98EB39B}
		{3CCDE094-4A36-4A22-9724-5E30BDE05DA7} = {827E0CD3-B72D-47B6-A68D-7590B98EB39B}
		{93929851-512F-4AE9-AD19-01D14085F84C} = {827E0CD3-B72D-47B6-A68D-7590B98EB39B}
		{D387A116-9B0F-4476-8FC2-5424F1583C38} = {827E0CD3-B72D-47B6-A68D-7590B98EB39B}
	EndGlobalSection
EndGlobal
