
Microsoft Visual Studio Solution File, Format Version 12.00
# Visual Studio Version 17
VisualStudioVersion = 17.0.31903.59
MinimumVisualStudioVersion = 10.0.40219.1
Project("{FAE04EC0-301F-11D3-BF4B-00C04F79EFBC}") = "WMS.Web", "WMS.Web\WMS.Web.csproj", "{C09D3E6E-3F87-4FE3-9605-2DB5F82F5419}"
EndProject
Project("{FAE04EC0-301F-11D3-BF4B-00C04F79EFBC}") = "WMS.BLL", "WMS.BLL\WMS.BLL.csproj", "{29270DA3-22F3-4806-AEDB-D6766C56544C}"
EndProject
Project("{FAE04EC0-301F-11D3-BF4B-00C04F79EFBC}") = "WMS.DAL", "WMS.DAL\WMS.DAL.csproj", "{2C413A53-C2E1-4728-9BBD-F55D14673926}"
EndProject
Project("{FAE04EC0-301F-11D3-BF4B-00C04F79EFBC}") = "WMS.Domain", "WMS.Domain\WMS.Domain.csproj", "{D67B1EEF-BBA2-4E9B-B215-E1A34437AFD3}"
EndProject
Project("{FAE04EC0-301F-11D3-BF4B-00C04F79EFBC}") = "WMS.Plugins", "WMS.Plugins\WMS.Plugins.csproj", "{EF121B42-3BFF-4AFD-9E41-40A28DDFE7C2}"
EndProject
Project("{FAE04EC0-301F-11D3-BF4B-00C04F79EFBC}") = "WMS.Jobs", "WMS.Jobs\WMS.Jobs.csproj", "{DAA332EA-2AB3-4A36-BEED-78102FAD6740}"
EndProject
Project("{FAE04EC0-301F-11D3-BF4B-00C04F79EFBC}") = "WMS.Common", "WMS.Common\WMS.Common.csproj", "{6A2AF330-D9B0-47AB-B8B0-47BA3D4DABAB}"
EndProject
Project("{FAE04EC0-301F-11D3-BF4B-00C04F79EFBC}") = "WMS.UnitTests", "..\tests\WMS.UnitTests\WMS.UnitTests.csproj", "{E8D4562D-0047-4F90-8FC1-B634FBE96BD9}"
EndProject
Project("{FAE04EC0-301F-11D3-BF4B-00C04F79EFBC}") = "WMS.IntegrationTests", "..\tests\WMS.IntegrationTests\WMS.IntegrationTests.csproj", "{E1DE6B46-069C-4279-81AB-83D63D8F0F5B}"
EndProject
Project("{FAE04EC0-301F-11D3-BF4B-00C04F79EFBC}") = "WMS.Migrate", "..\tools\WMS.Migrate\WMS.Migrate.csproj", "{B85A8B81-B8BB-4573-B366-50808C9F4FEA}"
EndProject
Global
	GlobalSection(SolutionConfigurationPlatforms) = preSolution
		Debug|Any CPU = Debug|Any CPU
		Debug|x64 = Debug|x64
		Debug|x86 = Debug|x86
		Release|Any CPU = Release|Any CPU
		Release|x64 = Release|x64
		Release|x86 = Release|x86
	EndGlobalSection
	GlobalSection(ProjectConfigurationPlatforms) = postSolution
		{C09D3E6E-3F87-4FE3-9605-2DB5F82F5419}.Debug|Any CPU.ActiveCfg = Debug|Any CPU
		{C09D3E6E-3F87-4FE3-9605-2DB5F82F5419}.Debug|Any CPU.Build.0 = Debug|Any CPU
		{C09D3E6E-3F87-4FE3-9605-2DB5F82F5419}.Debug|x64.ActiveCfg = Debug|Any CPU
		{C09D3E6E-3F87-4FE3-9605-2DB5F82F5419}.Debug|x64.Build.0 = Debug|Any CPU
		{C09D3E6E-3F87-4FE3-9605-2DB5F82F5419}.Debug|x86.ActiveCfg = Debug|Any CPU
		{C09D3E6E-3F87-4FE3-9605-2DB5F82F5419}.Debug|x86.Build.0 = Debug|Any CPU
		{C09D3E6E-3F87-4FE3-9605-2DB5F82F5419}.Release|Any CPU.ActiveCfg = Release|Any CPU
		{C09D3E6E-3F87-4FE3-9605-2DB5F82F5419}.Release|Any CPU.Build.0 = Release|Any CPU
		{C09D3E6E-3F87-4FE3-9605-2DB5F82F5419}.Release|x64.ActiveCfg = Release|Any CPU
		{C09D3E6E-3F87-4FE3-9605-2DB5F82F5419}.Release|x64.Build.0 = Release|Any CPU
		{C09D3E6E-3F87-4FE3-9605-2DB5F82F5419}.Release|x86.ActiveCfg = Release|Any CPU
		{C09D3E6E-3F87-4FE3-9605-2DB5F82F5419}.Release|x86.Build.0 = Release|Any CPU
		{29270DA3-22F3-4806-AEDB-D6766C56544C}.Debug|Any CPU.ActiveCfg = Debug|Any CPU
		{29270DA3-22F3-4806-AEDB-D6766C56544C}.Debug|Any CPU.Build.0 = Debug|Any CPU
		{29270DA3-22F3-4806-AEDB-D6766C56544C}.Debug|x64.ActiveCfg = Debug|Any CPU
		{29270DA3-22F3-4806-AEDB-D6766C56544C}.Debug|x64.Build.0 = Debug|Any CPU
		{29270DA3-22F3-4806-AEDB-D6766C56544C}.Debug|x86.ActiveCfg = Debug|Any CPU
		{29270DA3-22F3-4806-AEDB-D6766C56544C}.Debug|x86.Build.0 = Debug|Any CPU
		{29270DA3-22F3-4806-AEDB-D6766C56544C}.Release|Any CPU.ActiveCfg = Release|Any CPU
		{29270DA3-22F3-4806-AEDB-D6766C56544C}.Release|Any CPU.Build.0 = Release|Any CPU
		{29270DA3-22F3-4806-AEDB-D6766C56544C}.Release|x64.ActiveCfg = Release|Any CPU
		{29270DA3-22F3-4806-AEDB-D6766C56544C}.Release|x64.Build.0 = Release|Any CPU
		{29270DA3-22F3-4806-AEDB-D6766C56544C}.Release|x86.ActiveCfg = Release|Any CPU
		{29270DA3-22F3-4806-AEDB-D6766C56544C}.Release|x86.Build.0 = Release|Any CPU
		{2C413A53-C2E1-4728-9BBD-F55D14673926}.Debug|Any CPU.ActiveCfg = Debug|Any CPU
		{2C413A53-C2E1-4728-9BBD-F55D14673926}.Debug|Any CPU.Build.0 = Debug|Any CPU
		{2C413A53-C2E1-4728-9BBD-F55D14673926}.Debug|x64.ActiveCfg = Debug|Any CPU
		{2C413A53-C2E1-4728-9BBD-F55D14673926}.Debug|x64.Build.0 = Debug|Any CPU
		{2C413A53-C2E1-4728-9BBD-F55D14673926}.Debug|x86.ActiveCfg = Debug|Any CPU
		{2C413A53-C2E1-4728-9BBD-F55D14673926}.Debug|x86.Build.0 = Debug|Any CPU
		{2C413A53-C2E1-4728-9BBD-F55D14673926}.Release|Any CPU.ActiveCfg = Release|Any CPU
		{2C413A53-C2E1-4728-9BBD-F55D14673926}.Release|Any CPU.Build.0 = Release|Any CPU
		{2C413A53-C2E1-4728-9BBD-F55D14673926}.Release|x64.ActiveCfg = Release|Any CPU
		{2C413A53-C2E1-4728-9BBD-F55D14673926}.Release|x64.Build.0 = Release|Any CPU
		{2C413A53-C2E1-4728-9BBD-F55D14673926}.Release|x86.ActiveCfg = Release|Any CPU
		{2C413A53-C2E1-4728-9BBD-F55D14673926}.Release|x86.Build.0 = Release|Any CPU
		{D67B1EEF-BBA2-4E9B-B215-E1A34437AFD3}.Debug|Any CPU.ActiveCfg = Debug|Any CPU
		{D67B1EEF-BBA2-4E9B-B215-E1A34437AFD3}.Debug|Any CPU.Build.0 = Debug|Any CPU
		{D67B1EEF-BBA2-4E9B-B215-E1A34437AFD3}.Debug|x64.ActiveCfg = Debug|Any CPU
		{D67B1EEF-BBA2-4E9B-B215-E1A34437AFD3}.Debug|x64.Build.0 = Debug|Any CPU
		{D67B1EEF-BBA2-4E9B-B215-E1A34437AFD3}.Debug|x86.ActiveCfg = Debug|Any CPU
		{D67B1EEF-BBA2-4E9B-B215-E1A34437AFD3}.Debug|x86.Build.0 = Debug|Any CPU
		{D67B1EEF-BBA2-4E9B-B215-E1A34437AFD3}.Release|Any CPU.ActiveCfg = Release|Any CPU
		{D67B1EEF-BBA2-4E9B-B215-E1A34437AFD3}.Release|Any CPU.Build.0 = Release|Any CPU
		{D67B1EEF-BBA2-4E9B-B215-E1A34437AFD3}.Release|x64.ActiveCfg = Release|Any CPU
		{D67B1EEF-BBA2-4E9B-B215-E1A34437AFD3}.Release|x64.Build.0 = Release|Any CPU
		{D67B1EEF-BBA2-4E9B-B215-E1A34437AFD3}.Release|x86.ActiveCfg = Release|Any CPU
		{D67B1EEF-BBA2-4E9B-B215-E1A34437AFD3}.Release|x86.Build.0 = Release|Any CPU
		{EF121B42-3BFF-4AFD-9E41-40A28DDFE7C2}.Debug|Any CPU.ActiveCfg = Debug|Any CPU
		{EF121B42-3BFF-4AFD-9E41-40A28DDFE7C2}.Debug|Any CPU.Build.0 = Debug|Any CPU
		{EF121B42-3BFF-4AFD-9E41-40A28DDFE7C2}.Debug|x64.ActiveCfg = Debug|Any CPU
		{EF121B42-3BFF-4AFD-9E41-40A28DDFE7C2}.Debug|x64.Build.0 = Debug|Any CPU
		{EF121B42-3BFF-4AFD-9E41-40A28DDFE7C2}.Debug|x86.ActiveCfg = Debug|Any CPU
		{EF121B42-3BFF-4AFD-9E41-40A28DDFE7C2}.Debug|x86.Build.0 = Debug|Any CPU
		{EF121B42-3BFF-4AFD-9E41-40A28DDFE7C2}.Release|Any CPU.ActiveCfg = Release|Any CPU
		{EF121B42-3BFF-4AFD-9E41-40A28DDFE7C2}.Release|Any CPU.Build.0 = Release|Any CPU
		{EF121B42-3BFF-4AFD-9E41-40A28DDFE7C2}.Release|x64.ActiveCfg = Release|Any CPU
		{EF121B42-3BFF-4AFD-9E41-40A28DDFE7C2}.Release|x64.Build.0 = Release|Any CPU
		{EF121B42-3BFF-4AFD-9E41-40A28DDFE7C2}.Release|x86.ActiveCfg = Release|Any CPU
		{EF121B42-3BFF-4AFD-9E41-40A28DDFE7C2}.Release|x86.Build.0 = Release|Any CPU
		{DAA332EA-2AB3-4A36-BEED-78102FAD6740}.Debug|Any CPU.ActiveCfg = Debug|Any CPU
		{DAA332EA-2AB3-4A36-BEED-78102FAD6740}.Debug|Any CPU.Build.0 = Debug|Any CPU
		{DAA332EA-2AB3-4A36-BEED-78102FAD6740}.Debug|x64.ActiveCfg = Debug|Any CPU
		{DAA332EA-2AB3-4A36-BEED-78102FAD6740}.Debug|x64.Build.0 = Debug|Any CPU
		{DAA332EA-2AB3-4A36-BEED-78102FAD6740}.Debug|x86.ActiveCfg = Debug|Any CPU
		{DAA332EA-2AB3-4A36-BEED-78102FAD6740}.Debug|x86.Build.0 = Debug|Any CPU
		{DAA332EA-2AB3-4A36-BEED-78102FAD6740}.Release|Any CPU.ActiveCfg = Release|Any CPU
		{DAA332EA-2AB3-4A36-BEED-78102FAD6740}.Release|Any CPU.Build.0 = Release|Any CPU
		{DAA332EA-2AB3-4A36-BEED-78102FAD6740}.Release|x64.ActiveCfg = Release|Any CPU
		{DAA332EA-2AB3-4A36-BEED-78102FAD6740}.Release|x64.Build.0 = Release|Any CPU
		{DAA332EA-2AB3-4A36-BEED-78102FAD6740}.Release|x86.ActiveCfg = Release|Any CPU
		{DAA332EA-2AB3-4A36-BEED-78102FAD6740}.Release|x86.Build.0 = Release|Any CPU
		{6A2AF330-D9B0-47AB-B8B0-47BA3D4DABAB}.Debug|Any CPU.ActiveCfg = Debug|Any CPU
		{6A2AF330-D9B0-47AB-B8B0-47BA3D4DABAB}.Debug|Any CPU.Build.0 = Debug|Any CPU
		{6A2AF330-D9B0-47AB-B8B0-47BA3D4DABAB}.Debug|x64.ActiveCfg = Debug|Any CPU
		{6A2AF330-D9B0-47AB-B8B0-47BA3D4DABAB}.Debug|x64.Build.0 = Debug|Any CPU
		{6A2AF330-D9B0-47AB-B8B0-47BA3D4DABAB}.Debug|x86.ActiveCfg = Debug|Any CPU
		{6A2AF330-D9B0-47AB-B8B0-47BA3D4DABAB}.Debug|x86.Build.0 = Debug|Any CPU
		{6A2AF330-D9B0-47AB-B8B0-47BA3D4DABAB}.Release|Any CPU.ActiveCfg = Release|Any CPU
		{6A2AF330-D9B0-47AB-B8B0-47BA3D4DABAB}.Release|Any CPU.Build.0 = Release|Any CPU
		{6A2AF330-D9B0-47AB-B8B0-47BA3D4DABAB}.Release|x64.ActiveCfg = Release|Any CPU
		{6A2AF330-D9B0-47AB-B8B0-47BA3D4DABAB}.Release|x64.Build.0 = Release|Any CPU
		{6A2AF330-D9B0-47AB-B8B0-47BA3D4DABAB}.Release|x86.ActiveCfg = Release|Any CPU
		{6A2AF330-D9B0-47AB-B8B0-47BA3D4DABAB}.Release|x86.Build.0 = Release|Any CPU
		{E8D4562D-0047-4F90-8FC1-B634FBE96BD9}.Debug|Any CPU.ActiveCfg = Debug|Any CPU
		{E8D4562D-0047-4F90-8FC1-B634FBE96BD9}.Debug|Any CPU.Build.0 = Debug|Any CPU
		{E8D4562D-0047-4F90-8FC1-B634FBE96BD9}.Debug|x64.ActiveCfg = Debug|Any CPU
		{E8D4562D-0047-4F90-8FC1-B634FBE96BD9}.Debug|x64.Build.0 = Debug|Any CPU
		{E8D4562D-0047-4F90-8FC1-B634FBE96BD9}.Debug|x86.ActiveCfg = Debug|Any CPU
		{E8D4562D-0047-4F90-8FC1-B634FBE96BD9}.Debug|x86.Build.0 = Debug|Any CPU
		{E8D4562D-0047-4F90-8FC1-B634FBE96BD9}.Release|Any CPU.ActiveCfg = Release|Any CPU
		{E8D4562D-0047-4F90-8FC1-B634FBE96BD9}.Release|Any CPU.Build.0 = Release|Any CPU
		{E8D4562D-0047-4F90-8FC1-B634FBE96BD9}.Release|x64.ActiveCfg = Release|Any CPU
		{E8D4562D-0047-4F90-8FC1-B634FBE96BD9}.Release|x64.Build.0 = Release|Any CPU
		{E8D4562D-0047-4F90-8FC1-B634FBE96BD9}.Release|x86.ActiveCfg = Release|Any CPU
		{E8D4562D-0047-4F90-8FC1-B634FBE96BD9}.Release|x86.Build.0 = Release|Any CPU
		{E1DE6B46-069C-4279-81AB-83D63D8F0F5B}.Debug|Any CPU.ActiveCfg = Debug|Any CPU
		{E1DE6B46-069C-4279-81AB-83D63D8F0F5B}.Debug|Any CPU.Build.0 = Debug|Any CPU
		{E1DE6B46-069C-4279-81AB-83D63D8F0F5B}.Debug|x64.ActiveCfg = Debug|Any CPU
		{E1DE6B46-069C-4279-81AB-83D63D8F0F5B}.Debug|x64.Build.0 = Debug|Any CPU
		{E1DE6B46-069C-4279-81AB-83D63D8F0F5B}.Debug|x86.ActiveCfg = Debug|Any CPU
		{E1DE6B46-069C-4279-81AB-83D63D8F0F5B}.Debug|x86.Build.0 = Debug|Any CPU
		{E1DE6B46-069C-4279-81AB-83D63D8F0F5B}.Release|Any CPU.ActiveCfg = Release|Any CPU
		{E1DE6B46-069C-4279-81AB-83D63D8F0F5B}.Release|Any CPU.Build.0 = Release|Any CPU
		{E1DE6B46-069C-4279-81AB-83D63D8F0F5B}.Release|x64.ActiveCfg = Release|Any CPU
		{E1DE6B46-069C-4279-81AB-83D63D8F0F5B}.Release|x64.Build.0 = Release|Any CPU
		{E1DE6B46-069C-4279-81AB-83D63D8F0F5B}.Release|x86.ActiveCfg = Release|Any CPU
		{E1DE6B46-069C-4279-81AB-83D63D8F0F5B}.Release|x86.Build.0 = Release|Any CPU
		{B85A8B81-B8BB-4573-B366-50808C9F4FEA}.Debug|Any CPU.ActiveCfg = Debug|Any CPU
		{B85A8B81-B8BB-4573-B366-50808C9F4FEA}.Debug|Any CPU.Build.0 = Debug|Any CPU
		{B85A8B81-B8BB-4573-B366-50808C9F4FEA}.Debug|x64.ActiveCfg = Debug|Any CPU
		{B85A8B81-B8BB-4573-B366-50808C9F4FEA}.Debug|x64.Build.0 = Debug|Any CPU
		{B85A8B81-B8BB-4573-B366-50808C9F4FEA}.Debug|x86.ActiveCfg = Debug|Any CPU
		{B85A8B81-B8BB-4573-B366-50808C9F4FEA}.Debug|x86.Build.0 = Debug|Any CPU
		{B85A8B81-B8BB-4573-B366-50808C9F4FEA}.Release|Any CPU.ActiveCfg = Release|Any CPU
		{B85A8B81-B8BB-4573-B366-50808C9F4FEA}.Release|Any CPU.Build.0 = Release|Any CPU
		{B85A8B81-B8BB-4573-B366-50808C9F4FEA}.Release|x64.ActiveCfg = Release|Any CPU
		{B85A8B81-B8BB-4573-B366-50808C9F4FEA}.Release|x64.Build.0 = Release|Any CPU
		{B85A8B81-B8BB-4573-B366-50808C9F4FEA}.Release|x86.ActiveCfg = Release|Any CPU
		{B85A8B81-B8BB-4573-B366-50808C9F4FEA}.Release|x86.Build.0 = Release|Any CPU
	EndGlobalSection
	GlobalSection(SolutionProperties) = preSolution
		HideSolutionNode = FALSE
	EndGlobalSection
EndGlobal
